
Microsoft Visual Studio Solution File, Format Version 11.00
# Visual Studio 2010
Project("{FAE04EC0-301F-11D3-BF4B-00C04F79EFBC}") = "Assembly-CSharp", "Assembly-CSharp.csproj", "{2B10DFA3-F9FA-CE8E-DDDE-2697B9379617}"
EndProject
Project("{FAE04EC0-301F-11D3-BF4B-00C04F79EFBC}") = "Unity.2D.Tilemap.Extras", "Unity.2D.Tilemap.Extras.csproj", "{D37CE31D-F648-79AA-9BF3-D5B4399AD505}"
EndProject
Project("{FAE04EC0-301F-11D3-BF4B-00C04F79EFBC}") = "Unity.2D.Tilemap.Extras.Editor", "Unity.2D.Tilemap.Extras.Editor.csproj", "{0D87CB35-79B8-2C2A-A76E-7EE70C86E52B}"
EndProject
Project("{FAE04EC0-301F-11D3-BF4B-00C04F79EFBC}") = "Assembly-CSharp-Editor", "Assembly-CSharp-Editor.csproj", "{527D7E98-6442-63FB-D43E-7B210BCAB863}"
EndProject
Global
	GlobalSection(SolutionConfigurationPlatforms) = preSolution
		Debug|Any CPU = Debug|Any CPU
		Release|Any CPU = Release|Any CPU
	EndGlobalSection
	GlobalSection(ProjectConfigurationPlatforms) = postSolution
		{2B10DFA3-F9FA-CE8E-DDDE-2697B9379617}.Debug|Any CPU.ActiveCfg = Debug|Any CPU
		{2B10DFA3-F9FA-CE8E-DDDE-2697B9379617}.Debug|Any CPU.Build.0 = Debug|Any CPU
		{2B10DFA3-F9FA-CE8E-DDDE-2697B9379617}.Release|Any CPU.ActiveCfg = Release|Any CPU
		{2B10DFA3-F9FA-CE8E-DDDE-2697B9379617}.Release|Any CPU.Build.0 = Release|Any CPU
		{D37CE31D-F648-79AA-9BF3-D5B4399AD505}.Debug|Any CPU.ActiveCfg = Debug|Any CPU
		{D37CE31D-F648-79AA-9BF3-D5B4399AD505}.Debug|Any CPU.Build.0 = Debug|Any CPU
		{D37CE31D-F648-79AA-9BF3-D5B4399AD505}.Release|Any CPU.ActiveCfg = Release|Any CPU
		{D37CE31D-F648-79AA-9BF3-D5B4399AD505}.Release|Any CPU.Build.0 = Release|Any CPU
		{0D87CB35-79B8-2C2A-A76E-7EE70C86E52B}.Debug|Any CPU.ActiveCfg = Debug|Any CPU
		{0D87CB35-79B8-2C2A-A76E-7EE70C86E52B}.Debug|Any CPU.Build.0 = Debug|Any CPU
		{0D87CB35-79B8-2C2A-A76E-7EE70C86E52B}.Release|Any CPU.ActiveCfg = Release|Any CPU
		{0D87CB35-79B8-2C2A-A76E-7EE70C86E52B}.Release|Any CPU.Build.0 = Release|Any CPU
		{527D7E98-6442-63FB-D43E-7B210BCAB863}.Debug|Any CPU.ActiveCfg = Debug|Any CPU
		{527D7E98-6442-63FB-D43E-7B210BCAB863}.Debug|Any CPU.Build.0 = Debug|Any CPU
		{527D7E98-6442-63FB-D43E-7B210BCAB863}.Release|Any CPU.ActiveCfg = Release|Any CPU
		{527D7E98-6442-63FB-D43E-7B210BCAB863}.Release|Any CPU.Build.0 = Release|Any CPU
	EndGlobalSection
	GlobalSection(SolutionProperties) = preSolution
		HideSolutionNode = FALSE
	EndGlobalSection
EndGlobal
